
Microsoft Visual Studio Solution File, Format Version 12.00
# Visual Studio Version 16
VisualStudioVersion = 16.0.30406.217
MinimumVisualStudioVersion = 10.0.40219.1
Project("{9A19103F-16F7-4668-BE54-9A1E7A4F7556}") = "HttpPeek", "HttpPeek\HttpPeek.csproj", "{DA65A6D3-1033-4043-9DF0-33A7B626087A}"
EndProject
Project("{9A19103F-16F7-4668-BE54-9A1E7A4F7556}") = "MyLab.Wpf", "..\..\wpf\src\MyLab.Wpf\MyLab.Wpf.csproj", "{C63EDB18-BBCA-41F6-83F9-42B0308E0844}"
EndProject
Global
	GlobalSection(SolutionConfigurationPlatforms) = preSolution
		Debug|Any CPU = Debug|Any CPU
		Release|Any CPU = Release|Any CPU
	EndGlobalSection
	GlobalSection(ProjectConfigurationPlatforms) = postSolution
		{DA65A6D3-1033-4043-9DF0-33A7B626087A}.Debug|Any CPU.ActiveCfg = Debug|Any CPU
		{DA65A6D3-1033-4043-9DF0-33A7B626087A}.Debug|Any CPU.Build.0 = Debug|Any CPU
		{DA65A6D3-1033-4043-9DF0-33A7B626087A}.Release|Any CPU.ActiveCfg = Release|Any CPU
		{DA65A6D3-1033-4043-9DF0-33A7B626087A}.Release|Any CPU.Build.0 = Release|Any CPU
		{C63EDB18-BBCA-41F6-83F9-42B0308E0844}.Debug|Any CPU.ActiveCfg = Debug|Any CPU
		{C63EDB18-BBCA-41F6-83F9-42B0308E0844}.Debug|Any CPU.Build.0 = Debug|Any CPU
		{C63EDB18-BBCA-41F6-83F9-42B0308E0844}.Release|Any CPU.ActiveCfg = Release|Any CPU
		{C63EDB18-BBCA-41F6-83F9-42B0308E0844}.Release|Any CPU.Build.0 = Release|Any CPU
	EndGlobalSection
	GlobalSection(SolutionProperties) = preSolution
		HideSolutionNode = FALSE
	EndGlobalSection
	GlobalSection(ExtensibilityGlobals) = postSolution
		SolutionGuid = {4135F176-CB26-43B4-9ED1-CCB44DDCB811}
	EndGlobalSection
EndGlobal
